
Microsoft Visual Studio Solution File, Format Version 12.00
# Visual Studio 2012
Project("{FAE04EC0-301F-11D3-BF4B-00C04F79EFBC}") = "Chat.Services", "Chat.Services\Chat.Services.csproj", "{06BC31E8-103B-482E-9440-5EFAC96F95BA}"
EndProject
Project("{FAE04EC0-301F-11D3-BF4B-00C04F79EFBC}") = "Chat.Repositories", "Chat.Repositories\Chat.Repositories.csproj", "{C58A6D50-ED49-4132-99ED-837E42E9DE4A}"
EndProject
Project("{FAE04EC0-301F-11D3-BF4B-00C04F79EFBC}") = "Chat.Models", "Chat.Models\Chat.Models.csproj", "{A01D8493-8A40-4B3B-B4FA-FC46739024E9}"
EndProject
Global
	GlobalSection(SolutionConfigurationPlatforms) = preSolution
		Debug|Any CPU = Debug|Any CPU
		Release|Any CPU = Release|Any CPU
	EndGlobalSection
	GlobalSection(ProjectConfigurationPlatforms) = postSolution
		{06BC31E8-103B-482E-9440-5EFAC96F95BA}.Debug|Any CPU.ActiveCfg = Debug|Any CPU
		{06BC31E8-103B-482E-9440-5EFAC96F95BA}.Debug|Any CPU.Build.0 = Debug|Any CPU
		{06BC31E8-103B-482E-9440-5EFAC96F95BA}.Release|Any CPU.ActiveCfg = Release|Any CPU
		{06BC31E8-103B-482E-9440-5EFAC96F95BA}.Release|Any CPU.Build.0 = Release|Any CPU
		{C58A6D50-ED49-4132-99ED-837E42E9DE4A}.Debug|Any CPU.ActiveCfg = Debug|Any CPU
		{C58A6D50-ED49-4132-99ED-837E42E9DE4A}.Debug|Any CPU.Build.0 = Debug|Any CPU
		{C58A6D50-ED49-4132-99ED-837E42E9DE4A}.Release|Any CPU.ActiveCfg = Release|Any CPU
		{C58A6D50-ED49-4132-99ED-837E42E9DE4A}.Release|Any CPU.Build.0 = Release|Any CPU
		{A01D8493-8A40-4B3B-B4FA-FC46739024E9}.Debug|Any CPU.ActiveCfg = Debug|Any CPU
		{A01D8493-8A40-4B3B-B4FA-FC46739024E9}.Debug|Any CPU.Build.0 = Debug|Any CPU
		{A01D8493-8A40-4B3B-B4FA-FC46739024E9}.Release|Any CPU.ActiveCfg = Release|Any CPU
		{A01D8493-8A40-4B3B-B4FA-FC46739024E9}.Release|Any CPU.Build.0 = Release|Any CPU
	EndGlobalSection
	GlobalSection(SolutionProperties) = preSolution
		HideSolutionNode = FALSE
	EndGlobalSection
EndGlobal
